
Microsoft Visual Studio Solution File, Format Version 12.00
# Visual Studio Version 17
VisualStudioVersion = 17.0.31903.59
MinimumVisualStudioVersion = 10.0.40219.1
Project("{FAE04EC0-301F-11D3-BF4B-00C04F79EFBC}") = "ApiCreditSimulator.Api", "ApiCreditSimulator.Api\ApiCreditSimulator.Api.csproj", "{8D03226C-B642-49D9-940F-A2D31C079C42}"
EndProject
Project("{FAE04EC0-301F-11D3-BF4B-00C04F79EFBC}") = "ApiCreditSimulator.Shared", "ApiCreditSimulator.Shared\ApiCreditSimulator.Shared.csproj", "{459A1BC5-14E1-4506-9D44-C98D81B6518D}"
EndProject
Project("{FAE04EC0-301F-11D3-BF4B-00C04F79EFBC}") = "ApiCreditSimulator.Access", "ApiCreditSimulator.Access\ApiCreditSimulator.Access.csproj", "{58DFFC5D-BD86-440A-A69A-ADB6137C8F38}"
EndProject
Global
	GlobalSection(SolutionConfigurationPlatforms) = preSolution
		Debug|Any CPU = Debug|Any CPU
		Release|Any CPU = Release|Any CPU
	EndGlobalSection
	GlobalSection(SolutionProperties) = preSolution
		HideSolutionNode = FALSE
	EndGlobalSection
	GlobalSection(ProjectConfigurationPlatforms) = postSolution
		{8D03226C-B642-49D9-940F-A2D31C079C42}.Debug|Any CPU.ActiveCfg = Debug|Any CPU
		{8D03226C-B642-49D9-940F-A2D31C079C42}.Debug|Any CPU.Build.0 = Debug|Any CPU
		{8D03226C-B642-49D9-940F-A2D31C079C42}.Release|Any CPU.ActiveCfg = Release|Any CPU
		{8D03226C-B642-49D9-940F-A2D31C079C42}.Release|Any CPU.Build.0 = Release|Any CPU
		{459A1BC5-14E1-4506-9D44-C98D81B6518D}.Debug|Any CPU.ActiveCfg = Debug|Any CPU
		{459A1BC5-14E1-4506-9D44-C98D81B6518D}.Debug|Any CPU.Build.0 = Debug|Any CPU
		{459A1BC5-14E1-4506-9D44-C98D81B6518D}.Release|Any CPU.ActiveCfg = Release|Any CPU
		{459A1BC5-14E1-4506-9D44-C98D81B6518D}.Release|Any CPU.Build.0 = Release|Any CPU
		{58DFFC5D-BD86-440A-A69A-ADB6137C8F38}.Debug|Any CPU.ActiveCfg = Debug|Any CPU
		{58DFFC5D-BD86-440A-A69A-ADB6137C8F38}.Debug|Any CPU.Build.0 = Debug|Any CPU
		{58DFFC5D-BD86-440A-A69A-ADB6137C8F38}.Release|Any CPU.ActiveCfg = Release|Any CPU
		{58DFFC5D-BD86-440A-A69A-ADB6137C8F38}.Release|Any CPU.Build.0 = Release|Any CPU
	EndGlobalSection
EndGlobal
